// !$*UTF8*$!
{
	archiveVersion = 1;
	classes = {
	};
	objectVersion = 46;
	objects = {

/* Begin PBXBuildFile section */
		6B6623CC1F1D804900442F9F /* AppDelegate.swift in Sources */ = {isa = PBXBuildFile; fileRef = 6B6623CB1F1D804900442F9F /* AppDelegate.swift */; };
		6B6623CE1F1D804900442F9F /* MainVC.swift in Sources */ = {isa = PBXBuildFile; fileRef = 6B6623CD1F1D804900442F9F /* MainVC.swift */; };
		6B6623D11F1D804900442F9F /* Main.storyboard in Resources */ = {isa = PBXBuildFile; fileRef = 6B6623CF1F1D804900442F9F /* Main.storyboard */; };
		6B6623D41F1D804900442F9F /* DreamLister.xcdatamodeld in Sources */ = {isa = PBXBuildFile; fileRef = 6B6623D21F1D804900442F9F /* DreamLister.xcdatamodeld */; };
		6B6623D61F1D804900442F9F /* Assets.xcassets in Resources */ = {isa = PBXBuildFile; fileRef = 6B6623D51F1D804900442F9F /* Assets.xcassets */; };
		6B6623D91F1D804900442F9F /* LaunchScreen.storyboard in Resources */ = {isa = PBXBuildFile; fileRef = 6B6623D71F1D804900442F9F /* LaunchScreen.storyboard */; };
		6B6623E81F1D8A1B00442F9F /* Image+CoreDataClass.swift in Sources */ = {isa = PBXBuildFile; fileRef = 6B6623E01F1D8A1B00442F9F /* Image+CoreDataClass.swift */; };
		6B6623E91F1D8A1B00442F9F /* Image+CoreDataProperties.swift in Sources */ = {isa = PBXBuildFile; fileRef = 6B6623E11F1D8A1B00442F9F /* Image+CoreDataProperties.swift */; };
		6B6623EA1F1D8A1B00442F9F /* Item+CoreDataClass.swift in Sources */ = {isa = PBXBuildFile; fileRef = 6B6623E21F1D8A1B00442F9F /* Item+CoreDataClass.swift */; };
		6B6623EB1F1D8A1B00442F9F /* Item+CoreDataProperties.swift in Sources */ = {isa = PBXBuildFile; fileRef = 6B6623E31F1D8A1B00442F9F /* Item+CoreDataProperties.swift */; };
		6B6623EC1F1D8A1B00442F9F /* Store+CoreDataClass.swift in Sources */ = {isa = PBXBuildFile; fileRef = 6B6623E41F1D8A1B00442F9F /* Store+CoreDataClass.swift */; };
		6B6623ED1F1D8A1B00442F9F /* Store+CoreDataProperties.swift in Sources */ = {isa = PBXBuildFile; fileRef = 6B6623E51F1D8A1B00442F9F /* Store+CoreDataProperties.swift */; };
		6B6623EE1F1D8A1B00442F9F /* ItemType+CoreDataClass.swift in Sources */ = {isa = PBXBuildFile; fileRef = 6B6623E61F1D8A1B00442F9F /* ItemType+CoreDataClass.swift */; };
		6B6623EF1F1D8A1B00442F9F /* ItemType+CoreDataProperties.swift in Sources */ = {isa = PBXBuildFile; fileRef = 6B6623E71F1D8A1B00442F9F /* ItemType+CoreDataProperties.swift */; };
		6BC5AB041F279AD100813D66 /* Red_Bay-1440.jpg in Resources */ = {isa = PBXBuildFile; fileRef = 6BC5AB031F279AD100813D66 /* Red_Bay-1440.jpg */; };
		6BC5AB071F279B5A00813D66 /* MaterialView.swift in Sources */ = {isa = PBXBuildFile; fileRef = 6BC5AB061F279B5A00813D66 /* MaterialView.swift */; };
		6BC5AB091F27A7E200813D66 /* ItemCell.swift in Sources */ = {isa = PBXBuildFile; fileRef = 6BC5AB081F27A7E200813D66 /* ItemCell.swift */; };
/* End PBXBuildFile section */

/* Begin PBXFileReference section */
		6B6623C81F1D804900442F9F /* DreamLister.app */ = {isa = PBXFileReference; explicitFileType = wrapper.application; includeInIndex = 0; path = DreamLister.app; sourceTree = BUILT_PRODUCTS_DIR; };
		6B6623CB1F1D804900442F9F /* AppDelegate.swift */ = {isa = PBXFileReference; lastKnownFileType = sourcecode.swift; path = AppDelegate.swift; sourceTree = "<group>"; };
		6B6623CD1F1D804900442F9F /* MainVC.swift */ = {isa = PBXFileReference; lastKnownFileType = sourcecode.swift; path = MainVC.swift; sourceTree = "<group>"; };
		6B6623D01F1D804900442F9F /* Base */ = {isa = PBXFileReference; lastKnownFileType = file.storyboard; name = Base; path = Base.lproj/Main.storyboard; sourceTree = "<group>"; };
		6B6623D31F1D804900442F9F /* DreamLister.xcdatamodel */ = {isa = PBXFileReference; lastKnownFileType = wrapper.xcdatamodel; path = DreamLister.xcdatamodel; sourceTree = "<group>"; };
		6B6623D51F1D804900442F9F /* Assets.xcassets */ = {isa = PBXFileReference; lastKnownFileType = folder.assetcatalog; path = Assets.xcassets; sourceTree = "<group>"; };
		6B6623D81F1D804900442F9F /* Base */ = {isa = PBXFileReference; lastKnownFileType = file.storyboard; name = Base; path = Base.lproj/LaunchScreen.storyboard; sourceTree = "<group>"; };
		6B6623DA1F1D804900442F9F /* Info.plist */ = {isa = PBXFileReference; lastKnownFileType = text.plist.xml; path = Info.plist; sourceTree = "<group>"; };
		6B6623E01F1D8A1B00442F9F /* Image+CoreDataClass.swift */ = {isa = PBXFileReference; fileEncoding = 4; lastKnownFileType = sourcecode.swift; path = "Image+CoreDataClass.swift"; sourceTree = "<group>"; };
		6B6623E11F1D8A1B00442F9F /* Image+CoreDataProperties.swift */ = {isa = PBXFileReference; fileEncoding = 4; lastKnownFileType = sourcecode.swift; path = "Image+CoreDataProperties.swift"; sourceTree = "<group>"; };
		6B6623E21F1D8A1B00442F9F /* Item+CoreDataClass.swift */ = {isa = PBXFileReference; fileEncoding = 4; lastKnownFileType = sourcecode.swift; path = "Item+CoreDataClass.swift"; sourceTree = "<group>"; };
		6B6623E31F1D8A1B00442F9F /* Item+CoreDataProperties.swift */ = {isa = PBXFileReference; fileEncoding = 4; lastKnownFileType = sourcecode.swift; path = "Item+CoreDataProperties.swift"; sourceTree = "<group>"; };
		6B6623E41F1D8A1B00442F9F /* Store+CoreDataClass.swift */ = {isa = PBXFileReference; fileEncoding = 4; lastKnownFileType = sourcecode.swift; path = "Store+CoreDataClass.swift"; sourceTree = "<group>"; };
		6B6623E51F1D8A1B00442F9F /* Store+CoreDataProperties.swift */ = {isa = PBXFileReference; fileEncoding = 4; lastKnownFileType = sourcecode.swift; path = "Store+CoreDataProperties.swift"; sourceTree = "<group>"; };
		6B6623E61F1D8A1B00442F9F /* ItemType+CoreDataClass.swift */ = {isa = PBXFileReference; fileEncoding = 4; lastKnownFileType = sourcecode.swift; path = "ItemType+CoreDataClass.swift"; sourceTree = "<group>"; };
		6B6623E71F1D8A1B00442F9F /* ItemType+CoreDataProperties.swift */ = {isa = PBXFileReference; fileEncoding = 4; lastKnownFileType = sourcecode.swift; path = "ItemType+CoreDataProperties.swift"; sourceTree = "<group>"; };
		6BC5AB031F279AD100813D66 /* Red_Bay-1440.jpg */ = {isa = PBXFileReference; lastKnownFileType = image.jpeg; path = "Red_Bay-1440.jpg"; sourceTree = "<group>"; };
		6BC5AB061F279B5A00813D66 /* MaterialView.swift */ = {isa = PBXFileReference; fileEncoding = 4; lastKnownFileType = sourcecode.swift; path = MaterialView.swift; sourceTree = "<group>"; };
		6BC5AB081F27A7E200813D66 /* ItemCell.swift */ = {isa = PBXFileReference; fileEncoding = 4; lastKnownFileType = sourcecode.swift; path = ItemCell.swift; sourceTree = "<group>"; };
/* End PBXFileReference section */

/* Begin PBXFrameworksBuildPhase section */
		6B6623C51F1D804900442F9F /* Frameworks */ = {
			isa = PBXFrameworksBuildPhase;
			buildActionMask = 2147483647;
			files = (
			);
			runOnlyForDeploymentPostprocessing = 0;
		};
/* End PBXFrameworksBuildPhase section */

/* Begin PBXGroup section */
		6B6623BF1F1D804800442F9F = {
			isa = PBXGroup;
			children = (
				6B6623CA1F1D804900442F9F /* DreamLister */,
				6B6623C91F1D804900442F9F /* Products */,
			);
			sourceTree = "<group>";
		};
		6B6623C91F1D804900442F9F /* Products */ = {
			isa = PBXGroup;
			children = (
				6B6623C81F1D804900442F9F /* DreamLister.app */,
			);
			name = Products;
			sourceTree = "<group>";
		};
		6B6623CA1F1D804900442F9F /* DreamLister */ = {
			isa = PBXGroup;
			children = (
				6BC5AB051F279B3C00813D66 /* View */,
				6B6623F01F1D8A2600442F9F /* Model */,
				6B6623CB1F1D804900442F9F /* AppDelegate.swift */,
				6B6623CD1F1D804900442F9F /* MainVC.swift */,
				6B6623CF1F1D804900442F9F /* Main.storyboard */,
				6B6623D51F1D804900442F9F /* Assets.xcassets */,
				6B6623D71F1D804900442F9F /* LaunchScreen.storyboard */,
				6B6623DA1F1D804900442F9F /* Info.plist */,
				6BC5AB031F279AD100813D66 /* Red_Bay-1440.jpg */,
				6B6623D21F1D804900442F9F /* DreamLister.xcdatamodeld */,
			);
			path = DreamLister;
			sourceTree = "<group>";
		};
		6B6623F01F1D8A2600442F9F /* Model */ = {
			isa = PBXGroup;
			children = (
				6B6623E01F1D8A1B00442F9F /* Image+CoreDataClass.swift */,
				6B6623E21F1D8A1B00442F9F /* Item+CoreDataClass.swift */,
				6B6623E41F1D8A1B00442F9F /* Store+CoreDataClass.swift */,
				6B6623E61F1D8A1B00442F9F /* ItemType+CoreDataClass.swift */,
				6B6623F11F1D8A2B00442F9F /* Generated */,
			);
			name = Model;
			sourceTree = "<group>";
		};
		6B6623F11F1D8A2B00442F9F /* Generated */ = {
			isa = PBXGroup;
			children = (
				6B6623E11F1D8A1B00442F9F /* Image+CoreDataProperties.swift */,
				6B6623E31F1D8A1B00442F9F /* Item+CoreDataProperties.swift */,
				6B6623E51F1D8A1B00442F9F /* Store+CoreDataProperties.swift */,
				6B6623E71F1D8A1B00442F9F /* ItemType+CoreDataProperties.swift */,
			);
			name = Generated;
			sourceTree = "<group>";
		};
		6BC5AB051F279B3C00813D66 /* View */ = {
			isa = PBXGroup;
			children = (
				6BC5AB061F279B5A00813D66 /* MaterialView.swift */,
				6BC5AB081F27A7E200813D66 /* ItemCell.swift */,
			);
			name = View;
			sourceTree = "<group>";
		};
/* End PBXGroup section */

/* Begin PBXNativeTarget section */
		6B6623C71F1D804900442F9F /* DreamLister */ = {
			isa = PBXNativeTarget;
			buildConfigurationList = 6B6623DD1F1D804900442F9F /* Build configuration list for PBXNativeTarget "DreamLister" */;
			buildPhases = (
				6B6623C41F1D804900442F9F /* Sources */,
				6B6623C51F1D804900442F9F /* Frameworks */,
				6B6623C61F1D804900442F9F /* Resources */,
			);
			buildRules = (
			);
			dependencies = (
			);
			name = DreamLister;
			productName = DreamLister;
			productReference = 6B6623C81F1D804900442F9F /* DreamLister.app */;
			productType = "com.apple.product-type.application";
		};
/* End PBXNativeTarget section */

/* Begin PBXProject section */
		6B6623C01F1D804800442F9F /* Project object */ = {
			isa = PBXProject;
			attributes = {
				LastSwiftUpdateCheck = 0830;
				LastUpgradeCheck = 0830;
				ORGANIZATIONNAME = "Neil Patel";
				TargetAttributes = {
					6B6623C71F1D804900442F9F = {
						CreatedOnToolsVersion = 8.3.3;
						ProvisioningStyle = Automatic;
					};
				};
			};
			buildConfigurationList = 6B6623C31F1D804900442F9F /* Build configuration list for PBXProject "DreamLister" */;
			compatibilityVersion = "Xcode 3.2";
			developmentRegion = English;
			hasScannedForEncodings = 0;
			knownRegions = (
				en,
				Base,
			);
			mainGroup = 6B6623BF1F1D804800442F9F;
			productRefGroup = 6B6623C91F1D804900442F9F /* Products */;
			projectDirPath = "";
			projectRoot = "";
			targets = (
				6B6623C71F1D804900442F9F /* DreamLister */,
			);
		};
/* End PBXProject section */

/* Begin PBXResourcesBuildPhase section */
		6B6623C61F1D804900442F9F /* Resources */ = {
			isa = PBXResourcesBuildPhase;
			buildActionMask = 2147483647;
			files = (
				6B6623D91F1D804900442F9F /* LaunchScreen.storyboard in Resources */,
				6B6623D61F1D804900442F9F /* Assets.xcassets in Resources */,
				6B6623D11F1D804900442F9F /* Main.storyboard in Resources */,
				6BC5AB041F279AD100813D66 /* Red_Bay-1440.jpg in Resources */,
			);
			runOnlyForDeploymentPostprocessing = 0;
		};
/* End PBXResourcesBuildPhase section */

/* Begin PBXSourcesBuildPhase section */
		6B6623C41F1D804900442F9F /* Sources */ = {
			isa = PBXSourcesBuildPhase;
			buildActionMask = 2147483647;
			files = (
				6BC5AB091F27A7E200813D66 /* ItemCell.swift in Sources */,
				6B6623EB1F1D8A1B00442F9F /* Item+CoreDataProperties.swift in Sources */,
				6B6623EA1F1D8A1B00442F9F /* Item+CoreDataClass.swift in Sources */,
				6B6623EE1F1D8A1B00442F9F /* ItemType+CoreDataClass.swift in Sources */,
				6BC5AB071F279B5A00813D66 /* MaterialView.swift in Sources */,
				6B6623CE1F1D804900442F9F /* MainVC.swift in Sources */,
				6B6623E91F1D8A1B00442F9F /* Image+CoreDataProperties.swift in Sources */,
				6B6623ED1F1D8A1B00442F9F /* Store+CoreDataProperties.swift in Sources */,
				6B6623CC1F1D804900442F9F /* AppDelegate.swift in Sources */,
				6B6623EF1F1D8A1B00442F9F /* ItemType+CoreDataProperties.swift in Sources */,
				6B6623EC1F1D8A1B00442F9F /* Store+CoreDataClass.swift in Sources */,
				6B6623D41F1D804900442F9F /* DreamLister.xcdatamodeld in Sources */,
				6B6623E81F1D8A1B00442F9F /* Image+CoreDataClass.swift in Sources */,
			);
			runOnlyForDeploymentPostprocessing = 0;
		};
/* End PBXSourcesBuildPhase section */

/* Begin PBXVariantGroup section */
		6B6623CF1F1D804900442F9F /* Main.storyboard */ = {
			isa = PBXVariantGroup;
			children = (
				6B6623D01F1D804900442F9F /* Base */,
			);
			name = Main.storyboard;
			sourceTree = "<group>";
		};
		6B6623D71F1D804900442F9F /* LaunchScreen.storyboard */ = {
			isa = PBXVariantGroup;
			children = (
				6B6623D81F1D804900442F9F /* Base */,
			);
			name = LaunchScreen.storyboard;
			sourceTree = "<group>";
		};
/* End PBXVariantGroup section */

/* Begin XCBuildConfiguration section */
		6B6623DB1F1D804900442F9F /* Debug */ = {
			isa = XCBuildConfiguration;
			buildSettings = {
				ALWAYS_SEARCH_USER_PATHS = NO;
				CLANG_ANALYZER_NONNULL = YES;
				CLANG_ANALYZER_NUMBER_OBJECT_CONVERSION = YES_AGGRESSIVE;
				CLANG_CXX_LANGUAGE_STANDARD = "gnu++0x";
				CLANG_CXX_LIBRARY = "libc++";
				CLANG_ENABLE_MODULES = YES;
				CLANG_ENABLE_OBJC_ARC = YES;
				CLANG_WARN_BOOL_CONVERSION = YES;
				CLANG_WARN_CONSTANT_CONVERSION = YES;
				CLANG_WARN_DIRECT_OBJC_ISA_USAGE = YES_ERROR;
				CLANG_WARN_DOCUMENTATION_COMMENTS = YES;
				CLANG_WARN_EMPTY_BODY = YES;
				CLANG_WARN_ENUM_CONVERSION = YES;
				CLANG_WARN_INFINITE_RECURSION = YES;
				CLANG_WARN_INT_CONVERSION = YES;
				CLANG_WARN_OBJC_ROOT_CLASS = YES_ERROR;
				CLANG_WARN_SUSPICIOUS_MOVE = YES;
				CLANG_WARN_UNREACHABLE_CODE = YES;
				CLANG_WARN__DUPLICATE_METHOD_MATCH = YES;
				"CODE_SIGN_IDENTITY[sdk=iphoneos*]" = "iPhone Developer";
				COPY_PHASE_STRIP = NO;
				DEBUG_INFORMATION_FORMAT = dwarf;
				ENABLE_STRICT_OBJC_MSGSEND = YES;
				ENABLE_TESTABILITY = YES;
				GCC_C_LANGUAGE_STANDARD = gnu99;
				GCC_DYNAMIC_NO_PIC = NO;
				GCC_NO_COMMON_BLOCKS = YES;
				GCC_OPTIMIZATION_LEVEL = 0;
				GCC_PREPROCESSOR_DEFINITIONS = (
					"DEBUG=1",
					"$(inherited)",
				);
				GCC_WARN_64_TO_32_BIT_CONVERSION = YES;
				GCC_WARN_ABOUT_RETURN_TYPE = YES_ERROR;
				GCC_WARN_UNDECLARED_SELECTOR = YES;
				GCC_WARN_UNINITIALIZED_AUTOS = YES_AGGRESSIVE;
				GCC_WARN_UNUSED_FUNCTION = YES;
				GCC_WARN_UNUSED_VARIABLE = YES;
				IPHONEOS_DEPLOYMENT_TARGET = 10.3;
				MTL_ENABLE_DEBUG_INFO = YES;
				ONLY_ACTIVE_ARCH = YES;
				SDKROOT = iphoneos;
				SWIFT_ACTIVE_COMPILATION_CONDITIONS = DEBUG;
				SWIFT_OPTIMIZATION_LEVEL = "-Onone";
				TARGETED_DEVICE_FAMILY = "1,2";
			};
			name = Debug;
		};
		6B6623DC1F1D804900442F9F /* Release */ = {
			isa = XCBuildConfiguration;
			buildSettings = {
				ALWAYS_SEARCH_USER_PATHS = NO;
				CLANG_ANALYZER_NONNULL = YES;
				CLANG_ANALYZER_NUMBER_OBJECT_CONVERSION = YES_AGGRESSIVE;
				CLANG_CXX_LANGUAGE_STANDARD = "gnu++0x";
				CLANG_CXX_LIBRARY = "libc++";
				CLANG_ENABLE_MODULES = YES;
				CLANG_ENABLE_OBJC_ARC = YES;
				CLANG_WARN_BOOL_CONVERSION = YES;
				CLANG_WARN_CONSTANT_CONVERSION = YES;
				CLANG_WARN_DIRECT_OBJC_ISA_USAGE = YES_ERROR;
				CLANG_WARN_DOCUMENTATION_COMMENTS = YES;
				CLANG_WARN_EMPTY_BODY = YES;
				CLANG_WARN_ENUM_CONVERSION = YES;
				CLANG_WARN_INFINITE_RECURSION = YES;
				CLANG_WARN_INT_CONVERSION = YES;
				CLANG_WARN_OBJC_ROOT_CLASS = YES_ERROR;
				CLANG_WARN_SUSPICIOUS_MOVE = YES;
				CLANG_WARN_UNREACHABLE_CODE = YES;
				CLANG_WARN__DUPLICATE_METHOD_MATCH = YES;
				"CODE_SIGN_IDENTITY[sdk=iphoneos*]" = "iPhone Developer";
				COPY_PHASE_STRIP = NO;
				DEBUG_INFORMATION_FORMAT = "dwarf-with-dsym";
				ENABLE_NS_ASSERTIONS = NO;
				ENABLE_STRICT_OBJC_MSGSEND = YES;
				GCC_C_LANGUAGE_STANDARD = gnu99;
				GCC_NO_COMMON_BLOCKS = YES;
				GCC_WARN_64_TO_32_BIT_CONVERSION = YES;
				GCC_WARN_ABOUT_RETURN_TYPE = YES_ERROR;
				GCC_WARN_UNDECLARED_SELECTOR = YES;
				GCC_WARN_UNINITIALIZED_AUTOS = YES_AGGRESSIVE;
				GCC_WARN_UNUSED_FUNCTION = YES;
				GCC_WARN_UNUSED_VARIABLE = YES;
				IPHONEOS_DEPLOYMENT_TARGET = 10.3;
				MTL_ENABLE_DEBUG_INFO = NO;
				SDKROOT = iphoneos;
				SWIFT_OPTIMIZATION_LEVEL = "-Owholemodule";
				TARGETED_DEVICE_FAMILY = "1,2";
				VALIDATE_PRODUCT = YES;
			};
			name = Release;
		};
		6B6623DE1F1D804900442F9F /* Debug */ = {
			isa = XCBuildConfiguration;
			buildSettings = {
				ASSETCATALOG_COMPILER_APPICON_NAME = AppIcon;
				INFOPLIST_FILE = DreamLister/Info.plist;
				LD_RUNPATH_SEARCH_PATHS = "$(inherited) @executable_path/Frameworks";
				PRODUCT_BUNDLE_IDENTIFIER = com.NeilPatel.DreamLister;
				PRODUCT_NAME = "$(TARGET_NAME)";
				SWIFT_VERSION = 3.0;
			};
			name = Debug;
		};
		6B6623DF1F1D804900442F9F /* Release */ = {
			isa = XCBuildConfiguration;
			buildSettings = {
				ASSETCATALOG_COMPILER_APPICON_NAME = AppIcon;
				INFOPLIST_FILE = DreamLister/Info.plist;
				LD_RUNPATH_SEARCH_PATHS = "$(inherited) @executable_path/Frameworks";
				PRODUCT_BUNDLE_IDENTIFIER = com.NeilPatel.DreamLister;
				PRODUCT_NAME = "$(TARGET_NAME)";
				SWIFT_VERSION = 3.0;
			};
			name = Release;
		};
/* End XCBuildConfiguration section */

/* Begin XCConfigurationList section */
		6B6623C31F1D804900442F9F /* Build configuration list for PBXProject "DreamLister" */ = {
			isa = XCConfigurationList;
			buildConfigurations = (
				6B6623DB1F1D804900442F9F /* Debug */,
				6B6623DC1F1D804900442F9F /* Release */,
			);
			defaultConfigurationIsVisible = 0;
			defaultConfigurationName = Release;
		};
		6B6623DD1F1D804900442F9F /* Build configuration list for PBXNativeTarget "DreamLister" */ = {
			isa = XCConfigurationList;
			buildConfigurations = (
				6B6623DE1F1D804900442F9F /* Debug */,
				6B6623DF1F1D804900442F9F /* Release */,
			);
			defaultConfigurationIsVisible = 0;
			defaultConfigurationName = Release;
		};
/* End XCConfigurationList section */

/* Begin XCVersionGroup section */
		6B6623D21F1D804900442F9F /* DreamLister.xcdatamodeld */ = {
			isa = XCVersionGroup;
			children = (
				6B6623D31F1D804900442F9F /* DreamLister.xcdatamodel */,
			);
			currentVersion = 6B6623D31F1D804900442F9F /* DreamLister.xcdatamodel */;
			path = DreamLister.xcdatamodeld;
			sourceTree = "<group>";
			versionGroupType = wrapper.xcdatamodel;
		};
/* End XCVersionGroup section */
	};
	rootObject = 6B6623C01F1D804800442F9F /* Project object */;
}
